
Microsoft Visual Studio Solution File, Format Version 12.00
# Visual Studio 2012
Project("{FAE04EC0-301F-11D3-BF4B-00C04F79EFBC}") = "ConwaysGameOfLife", "ConwaysGameOfLife\ConwaysGameOfLife.csproj", "{91308950-C9A3-412F-A475-1049CFEBFBE7}"
EndProject
Global
	GlobalSection(SolutionConfigurationPlatforms) = preSolution
		Debug|Any CPU = Debug|Any CPU
		Release|Any CPU = Release|Any CPU
	EndGlobalSection
	GlobalSection(ProjectConfigurationPlatforms) = postSolution
		{91308950-C9A3-412F-A475-1049CFEBFBE7}.Debug|Any CPU.ActiveCfg = Debug|Any CPU
		{91308950-C9A3-412F-A475-1049CFEBFBE7}.Debug|Any CPU.Build.0 = Debug|Any CPU
		{91308950-C9A3-412F-A475-1049CFEBFBE7}.Release|Any CPU.ActiveCfg = Release|Any CPU
		{91308950-C9A3-412F-A475-1049CFEBFBE7}.Release|Any CPU.Build.0 = Release|Any CPU
	EndGlobalSection
	GlobalSection(SolutionProperties) = preSolution
		HideSolutionNode = FALSE
	EndGlobalSection
EndGlobal
